
Microsoft Visual Studio Solution File, Format Version 12.00
# Visual Studio Version 17
VisualStudioVersion = 17.13.35806.99
MinimumVisualStudioVersion = 10.0.40219.1
Project("{2150E333-8FDC-42A3-9474-1A3956D46DE8}") = "tests", "tests", "{02EA681E-C7D8-13C7-8484-4AC65E1B71E8}"
EndProject
Project("{2150E333-8FDC-42A3-9474-1A3956D46DE8}") = "src", "src", "{90BB9089-5492-4C8C-9F34-562FB11E8CCB}"
EndProject
Project("{FAE04EC0-301F-11D3-BF4B-00C04F79EFBC}") = "PackageTracking.API", "src\PackageTracking.API\PackageTracking.API.csproj", "{B6ADABD7-7832-4FCA-470E-404859C4BDF8}"
EndProject
Project("{FAE04EC0-301F-11D3-BF4B-00C04F79EFBC}") = "PackageTracking.Application", "src\PackageTracking.Application\PackageTracking.Application.csproj", "{13D2FC51-0F03-854D-38D7-6ABC2A7B0FC4}"
EndProject
Project("{FAE04EC0-301F-11D3-BF4B-00C04F79EFBC}") = "PackageTracking.Domain", "src\PackageTracking.Domain\PackageTracking.Domain.csproj", "{2A43C88D-E221-B81A-AC12-A309BA6A3E4D}"
EndProject
Project("{FAE04EC0-301F-11D3-BF4B-00C04F79EFBC}") = "PackageTracking.Infrastructure", "src\PackageTracking.Infrastructure\PackageTracking.Infrastructure.csproj", "{565147B2-CFCC-966D-BDCA-D9CA504E4E78}"
EndProject
Project("{FAE04EC0-301F-11D3-BF4B-00C04F79EFBC}") = "PackageTracking.Application.Tests", "tests\PackageTracking.Application.Tests\PackageTracking.Application.Tests.csproj", "{D317AC8D-8286-C25E-9071-386B73C4CA0E}"
EndProject
Global
	GlobalSection(SolutionConfigurationPlatforms) = preSolution
		Debug|Any CPU = Debug|Any CPU
		Release|Any CPU = Release|Any CPU
	EndGlobalSection
	GlobalSection(ProjectConfigurationPlatforms) = postSolution
		{B6ADABD7-7832-4FCA-470E-404859C4BDF8}.Debug|Any CPU.ActiveCfg = Debug|Any CPU
		{B6ADABD7-7832-4FCA-470E-404859C4BDF8}.Debug|Any CPU.Build.0 = Debug|Any CPU
		{B6ADABD7-7832-4FCA-470E-404859C4BDF8}.Release|Any CPU.ActiveCfg = Release|Any CPU
		{B6ADABD7-7832-4FCA-470E-404859C4BDF8}.Release|Any CPU.Build.0 = Release|Any CPU
		{13D2FC51-0F03-854D-38D7-6ABC2A7B0FC4}.Debug|Any CPU.ActiveCfg = Debug|Any CPU
		{13D2FC51-0F03-854D-38D7-6ABC2A7B0FC4}.Debug|Any CPU.Build.0 = Debug|Any CPU
		{13D2FC51-0F03-854D-38D7-6ABC2A7B0FC4}.Release|Any CPU.ActiveCfg = Release|Any CPU
		{13D2FC51-0F03-854D-38D7-6ABC2A7B0FC4}.Release|Any CPU.Build.0 = Release|Any CPU
		{2A43C88D-E221-B81A-AC12-A309BA6A3E4D}.Debug|Any CPU.ActiveCfg = Debug|Any CPU
		{2A43C88D-E221-B81A-AC12-A309BA6A3E4D}.Debug|Any CPU.Build.0 = Debug|Any CPU
		{2A43C88D-E221-B81A-AC12-A309BA6A3E4D}.Release|Any CPU.ActiveCfg = Release|Any CPU
		{2A43C88D-E221-B81A-AC12-A309BA6A3E4D}.Release|Any CPU.Build.0 = Release|Any CPU
		{565147B2-CFCC-966D-BDCA-D9CA504E4E78}.Debug|Any CPU.ActiveCfg = Debug|Any CPU
		{565147B2-CFCC-966D-BDCA-D9CA504E4E78}.Debug|Any CPU.Build.0 = Debug|Any CPU
		{565147B2-CFCC-966D-BDCA-D9CA504E4E78}.Release|Any CPU.ActiveCfg = Release|Any CPU
		{565147B2-CFCC-966D-BDCA-D9CA504E4E78}.Release|Any CPU.Build.0 = Release|Any CPU
		{D317AC8D-8286-C25E-9071-386B73C4CA0E}.Debug|Any CPU.ActiveCfg = Debug|Any CPU
		{D317AC8D-8286-C25E-9071-386B73C4CA0E}.Debug|Any CPU.Build.0 = Debug|Any CPU
		{D317AC8D-8286-C25E-9071-386B73C4CA0E}.Release|Any CPU.ActiveCfg = Release|Any CPU
		{D317AC8D-8286-C25E-9071-386B73C4CA0E}.Release|Any CPU.Build.0 = Release|Any CPU
	EndGlobalSection
	GlobalSection(SolutionProperties) = preSolution
		HideSolutionNode = FALSE
	EndGlobalSection
	GlobalSection(NestedProjects) = preSolution
		{B6ADABD7-7832-4FCA-470E-404859C4BDF8} = {90BB9089-5492-4C8C-9F34-562FB11E8CCB}
		{13D2FC51-0F03-854D-38D7-6ABC2A7B0FC4} = {90BB9089-5492-4C8C-9F34-562FB11E8CCB}
		{2A43C88D-E221-B81A-AC12-A309BA6A3E4D} = {90BB9089-5492-4C8C-9F34-562FB11E8CCB}
		{565147B2-CFCC-966D-BDCA-D9CA504E4E78} = {90BB9089-5492-4C8C-9F34-562FB11E8CCB}
		{D317AC8D-8286-C25E-9071-386B73C4CA0E} = {02EA681E-C7D8-13C7-8484-4AC65E1B71E8}
	EndGlobalSection
	GlobalSection(ExtensibilityGlobals) = postSolution
		SolutionGuid = {052C69A6-DC09-4C57-8998-89665E35F79B}
	EndGlobalSection
EndGlobal
